
Microsoft Visual Studio Solution File, Format Version 12.00
# Visual Studio Version 16
VisualStudioVersion = 16.0.31005.135
MinimumVisualStudioVersion = 10.0.40219.1
Project("{FAE04EC0-301F-11D3-BF4B-00C04F79EFBC}") = "WS_green_leaves", "WS_green_leaves.csproj", "{FE8176ED-B236-4126-A430-88E392465A08}"
EndProject
Global
	GlobalSection(SolutionConfigurationPlatforms) = preSolution
		Debug|Any CPU = Debug|Any CPU
		Release|Any CPU = Release|Any CPU
	EndGlobalSection
	GlobalSection(ProjectConfigurationPlatforms) = postSolution
		{FE8176ED-B236-4126-A430-88E392465A08}.Debug|Any CPU.ActiveCfg = Debug|Any CPU
		{FE8176ED-B236-4126-A430-88E392465A08}.Debug|Any CPU.Build.0 = Debug|Any CPU
		{FE8176ED-B236-4126-A430-88E392465A08}.Release|Any CPU.ActiveCfg = Release|Any CPU
		{FE8176ED-B236-4126-A430-88E392465A08}.Release|Any CPU.Build.0 = Release|Any CPU
	EndGlobalSection
	GlobalSection(SolutionProperties) = preSolution
		HideSolutionNode = FALSE
	EndGlobalSection
	GlobalSection(ExtensibilityGlobals) = postSolution
		SolutionGuid = {650C92C5-3223-4747-AF85-661E447A0305}
	EndGlobalSection
EndGlobal
